// !$*UTF8*$!
{
	archiveVersion = 1;
	classes = {
	};
	objectVersion = 56;
	objects = {

/* Begin PBXBuildFile section */
		396EF5962A77B08800128ED5 /* DataDecoder.swift in Sources */ = {isa = PBXBuildFile; fileRef = 396EF5952A77B08800128ED5 /* DataDecoder.swift */; };
		39732AF12A78FAC900F4E500 /* HeroesCollectionViewCell.swift in Sources */ = {isa = PBXBuildFile; fileRef = 39732AEF2A78FAC900F4E500 /* HeroesCollectionViewCell.swift */; };
		39732AF22A78FAC900F4E500 /* HeroesCollectionViewCell.xib in Resources */ = {isa = PBXBuildFile; fileRef = 39732AF02A78FAC900F4E500 /* HeroesCollectionViewCell.xib */; };
		3979080D2A7D1787006B3E04 /* FavouriteCell.swift in Sources */ = {isa = PBXBuildFile; fileRef = 3979080B2A7D1787006B3E04 /* FavouriteCell.swift */; };
		3979080E2A7D1787006B3E04 /* FavouriteCell.xib in Resources */ = {isa = PBXBuildFile; fileRef = 3979080C2A7D1787006B3E04 /* FavouriteCell.xib */; };
		397D917C2A7A56FD00DD0683 /* ComicTableViewCell.swift in Sources */ = {isa = PBXBuildFile; fileRef = 397D917A2A7A56FD00DD0683 /* ComicTableViewCell.swift */; };
		397D917D2A7A56FD00DD0683 /* ComicTableViewCell.xib in Resources */ = {isa = PBXBuildFile; fileRef = 397D917B2A7A56FD00DD0683 /* ComicTableViewCell.xib */; };
		399662162A70156C00348332 /* CustomCollectionCell.swift in Sources */ = {isa = PBXBuildFile; fileRef = 399662142A70156C00348332 /* CustomCollectionCell.swift */; };
		399662172A70156C00348332 /* CustomCollectionCell.xib in Resources */ = {isa = PBXBuildFile; fileRef = 399662152A70156C00348332 /* CustomCollectionCell.xib */; };
		39982A372A710AEC00B4056F /* Heroe.swift in Sources */ = {isa = PBXBuildFile; fileRef = 39982A362A710AEC00B4056F /* Heroe.swift */; };
		39982A392A710C4F00B4056F /* HeroesList.swift in Sources */ = {isa = PBXBuildFile; fileRef = 39982A382A710C4F00B4056F /* HeroesList.swift */; };
		39A2B8C12A6E5F3F00CA446A /* HomeViewController.swift in Sources */ = {isa = PBXBuildFile; fileRef = 39A2B8BF2A6E5F3F00CA446A /* HomeViewController.swift */; };
		39A2B8C22A6E5F3F00CA446A /* HomeViewController.xib in Resources */ = {isa = PBXBuildFile; fileRef = 39A2B8C02A6E5F3F00CA446A /* HomeViewController.xib */; };
		39A2B8CA2A6E904C00CA446A /* DetailViewController.swift in Sources */ = {isa = PBXBuildFile; fileRef = 39A2B8C82A6E904C00CA446A /* DetailViewController.swift */; };
		39A2B8CB2A6E904C00CA446A /* DetailViewController.xib in Resources */ = {isa = PBXBuildFile; fileRef = 39A2B8C92A6E904C00CA446A /* DetailViewController.xib */; };
		39A2B8D22A6EC81200CA446A /* HeroeCell.swift in Sources */ = {isa = PBXBuildFile; fileRef = 39A2B8D02A6EC81200CA446A /* HeroeCell.swift */; };
		39A2B8D32A6EC81200CA446A /* HeroeCell.xib in Resources */ = {isa = PBXBuildFile; fileRef = 39A2B8D12A6EC81200CA446A /* HeroeCell.xib */; };
		39D05D432A725DA700468A9E /* Networking.swift in Sources */ = {isa = PBXBuildFile; fileRef = 39D05D422A725DA700468A9E /* Networking.swift */; };
		39D05D482A726A3700468A9E /* NetHeroe.swift in Sources */ = {isa = PBXBuildFile; fileRef = 39D05D472A726A3700468A9E /* NetHeroe.swift */; };
		39F03C712A6D8C8900B9DD2F /* AppDelegate.swift in Sources */ = {isa = PBXBuildFile; fileRef = 39F03C702A6D8C8900B9DD2F /* AppDelegate.swift */; };
		39F03C782A6D8C8900B9DD2F /* Main.storyboard in Resources */ = {isa = PBXBuildFile; fileRef = 39F03C762A6D8C8900B9DD2F /* Main.storyboard */; };
		39F03C7A2A6D8C8B00B9DD2F /* Assets.xcassets in Resources */ = {isa = PBXBuildFile; fileRef = 39F03C792A6D8C8B00B9DD2F /* Assets.xcassets */; };
		39F03C7D2A6D8C8B00B9DD2F /* LaunchScreen.storyboard in Resources */ = {isa = PBXBuildFile; fileRef = 39F03C7B2A6D8C8B00B9DD2F /* LaunchScreen.storyboard */; };
		39F03C882A6D8C8B00B9DD2F /* MarvelAppTests.swift in Sources */ = {isa = PBXBuildFile; fileRef = 39F03C872A6D8C8B00B9DD2F /* MarvelAppTests.swift */; };
		39F03C922A6D8C8B00B9DD2F /* MarvelAppUITests.swift in Sources */ = {isa = PBXBuildFile; fileRef = 39F03C912A6D8C8B00B9DD2F /* MarvelAppUITests.swift */; };
		39F03C942A6D8C8B00B9DD2F /* MarvelAppUITestsLaunchTests.swift in Sources */ = {isa = PBXBuildFile; fileRef = 39F03C932A6D8C8B00B9DD2F /* MarvelAppUITestsLaunchTests.swift */; };
		39F03CA22A6D8D2700B9DD2F /* LoginViewController.swift in Sources */ = {isa = PBXBuildFile; fileRef = 39F03CA02A6D8D2700B9DD2F /* LoginViewController.swift */; };
		39F03CA32A6D8D2700B9DD2F /* LoginViewController.xib in Resources */ = {isa = PBXBuildFile; fileRef = 39F03CA12A6D8D2700B9DD2F /* LoginViewController.xib */; };
		3A2E7E232BDBB97800FFF546 /* Interface.swift in Sources */ = {isa = PBXBuildFile; fileRef = 3A2E7E222BDBB97800FFF546 /* Interface.swift */; };
		3A2E7E252BDBE29B00FFF546 /* ModelLogic.swift in Sources */ = {isa = PBXBuildFile; fileRef = 3A2E7E242BDBE29B00FFF546 /* ModelLogic.swift */; };
		3A2E7E292BDBFFF400FFF546 /* NotificationCenter.swift in Sources */ = {isa = PBXBuildFile; fileRef = 3A2E7E282BDBFFF400FFF546 /* NotificationCenter.swift */; };
		3A407E752BDFDEDE00134038 /* Persistence.swift in Sources */ = {isa = PBXBuildFile; fileRef = 3A407E742BDFDEDE00134038 /* Persistence.swift */; };
		3A9FE7C12BDADC2700B21092 /* Key.swift in Sources */ = {isa = PBXBuildFile; fileRef = 3A9FE7C02BDADC2700B21092 /* Key.swift */; };
/* End PBXBuildFile section */

/* Begin PBXContainerItemProxy section */
		39F03C842A6D8C8B00B9DD2F /* PBXContainerItemProxy */ = {
			isa = PBXContainerItemProxy;
			containerPortal = 39F03C652A6D8C8900B9DD2F /* Project object */;
			proxyType = 1;
			remoteGlobalIDString = 39F03C6C2A6D8C8900B9DD2F;
			remoteInfo = MarvelApp;
		};
		39F03C8E2A6D8C8B00B9DD2F /* PBXContainerItemProxy */ = {
			isa = PBXContainerItemProxy;
			containerPortal = 39F03C652A6D8C8900B9DD2F /* Project object */;
			proxyType = 1;
			remoteGlobalIDString = 39F03C6C2A6D8C8900B9DD2F;
			remoteInfo = MarvelApp;
		};
/* End PBXContainerItemProxy section */

/* Begin PBXFileReference section */
		396EF5952A77B08800128ED5 /* DataDecoder.swift */ = {isa = PBXFileReference; lastKnownFileType = sourcecode.swift; path = DataDecoder.swift; sourceTree = "<group>"; };
		39732AEF2A78FAC900F4E500 /* HeroesCollectionViewCell.swift */ = {isa = PBXFileReference; lastKnownFileType = sourcecode.swift; path = HeroesCollectionViewCell.swift; sourceTree = "<group>"; };
		39732AF02A78FAC900F4E500 /* HeroesCollectionViewCell.xib */ = {isa = PBXFileReference; lastKnownFileType = file.xib; path = HeroesCollectionViewCell.xib; sourceTree = "<group>"; };
		3979080B2A7D1787006B3E04 /* FavouriteCell.swift */ = {isa = PBXFileReference; lastKnownFileType = sourcecode.swift; path = FavouriteCell.swift; sourceTree = "<group>"; };
		3979080C2A7D1787006B3E04 /* FavouriteCell.xib */ = {isa = PBXFileReference; lastKnownFileType = file.xib; path = FavouriteCell.xib; sourceTree = "<group>"; };
		397D917A2A7A56FD00DD0683 /* ComicTableViewCell.swift */ = {isa = PBXFileReference; lastKnownFileType = sourcecode.swift; path = ComicTableViewCell.swift; sourceTree = "<group>"; };
		397D917B2A7A56FD00DD0683 /* ComicTableViewCell.xib */ = {isa = PBXFileReference; lastKnownFileType = file.xib; path = ComicTableViewCell.xib; sourceTree = "<group>"; };
		399662142A70156C00348332 /* CustomCollectionCell.swift */ = {isa = PBXFileReference; lastKnownFileType = sourcecode.swift; path = CustomCollectionCell.swift; sourceTree = "<group>"; };
		399662152A70156C00348332 /* CustomCollectionCell.xib */ = {isa = PBXFileReference; lastKnownFileType = file.xib; path = CustomCollectionCell.xib; sourceTree = "<group>"; };
		39982A362A710AEC00B4056F /* Heroe.swift */ = {isa = PBXFileReference; lastKnownFileType = sourcecode.swift; path = Heroe.swift; sourceTree = "<group>"; };
		39982A382A710C4F00B4056F /* HeroesList.swift */ = {isa = PBXFileReference; lastKnownFileType = sourcecode.swift; path = HeroesList.swift; sourceTree = "<group>"; };
		39A2B8BF2A6E5F3F00CA446A /* HomeViewController.swift */ = {isa = PBXFileReference; lastKnownFileType = sourcecode.swift; path = HomeViewController.swift; sourceTree = "<group>"; };
		39A2B8C02A6E5F3F00CA446A /* HomeViewController.xib */ = {isa = PBXFileReference; lastKnownFileType = file.xib; path = HomeViewController.xib; sourceTree = "<group>"; };
		39A2B8C82A6E904C00CA446A /* DetailViewController.swift */ = {isa = PBXFileReference; lastKnownFileType = sourcecode.swift; path = DetailViewController.swift; sourceTree = "<group>"; };
		39A2B8C92A6E904C00CA446A /* DetailViewController.xib */ = {isa = PBXFileReference; lastKnownFileType = file.xib; path = DetailViewController.xib; sourceTree = "<group>"; };
		39A2B8D02A6EC81200CA446A /* HeroeCell.swift */ = {isa = PBXFileReference; lastKnownFileType = sourcecode.swift; path = HeroeCell.swift; sourceTree = "<group>"; };
		39A2B8D12A6EC81200CA446A /* HeroeCell.xib */ = {isa = PBXFileReference; lastKnownFileType = file.xib; path = HeroeCell.xib; sourceTree = "<group>"; };
		39D05D422A725DA700468A9E /* Networking.swift */ = {isa = PBXFileReference; lastKnownFileType = sourcecode.swift; path = Networking.swift; sourceTree = "<group>"; };
		39D05D472A726A3700468A9E /* NetHeroe.swift */ = {isa = PBXFileReference; lastKnownFileType = sourcecode.swift; path = NetHeroe.swift; sourceTree = "<group>"; };
		39F03C6D2A6D8C8900B9DD2F /* MarvelApp.app */ = {isa = PBXFileReference; explicitFileType = wrapper.application; includeInIndex = 0; path = MarvelApp.app; sourceTree = BUILT_PRODUCTS_DIR; };
		39F03C702A6D8C8900B9DD2F /* AppDelegate.swift */ = {isa = PBXFileReference; lastKnownFileType = sourcecode.swift; path = AppDelegate.swift; sourceTree = "<group>"; };
		39F03C772A6D8C8900B9DD2F /* Base */ = {isa = PBXFileReference; lastKnownFileType = file.storyboard; name = Base; path = Base.lproj/Main.storyboard; sourceTree = "<group>"; };
		39F03C792A6D8C8B00B9DD2F /* Assets.xcassets */ = {isa = PBXFileReference; lastKnownFileType = folder.assetcatalog; path = Assets.xcassets; sourceTree = "<group>"; };
		39F03C7C2A6D8C8B00B9DD2F /* Base */ = {isa = PBXFileReference; lastKnownFileType = file.storyboard; name = Base; path = Base.lproj/LaunchScreen.storyboard; sourceTree = "<group>"; };
		39F03C7E2A6D8C8B00B9DD2F /* Info.plist */ = {isa = PBXFileReference; lastKnownFileType = text.plist.xml; path = Info.plist; sourceTree = "<group>"; };
		39F03C832A6D8C8B00B9DD2F /* MarvelAppTests.xctest */ = {isa = PBXFileReference; explicitFileType = wrapper.cfbundle; includeInIndex = 0; path = MarvelAppTests.xctest; sourceTree = BUILT_PRODUCTS_DIR; };
		39F03C872A6D8C8B00B9DD2F /* MarvelAppTests.swift */ = {isa = PBXFileReference; lastKnownFileType = sourcecode.swift; path = MarvelAppTests.swift; sourceTree = "<group>"; };
		39F03C8D2A6D8C8B00B9DD2F /* MarvelAppUITests.xctest */ = {isa = PBXFileReference; explicitFileType = wrapper.cfbundle; includeInIndex = 0; path = MarvelAppUITests.xctest; sourceTree = BUILT_PRODUCTS_DIR; };
		39F03C912A6D8C8B00B9DD2F /* MarvelAppUITests.swift */ = {isa = PBXFileReference; lastKnownFileType = sourcecode.swift; path = MarvelAppUITests.swift; sourceTree = "<group>"; };
		39F03C932A6D8C8B00B9DD2F /* MarvelAppUITestsLaunchTests.swift */ = {isa = PBXFileReference; lastKnownFileType = sourcecode.swift; path = MarvelAppUITestsLaunchTests.swift; sourceTree = "<group>"; };
		39F03CA02A6D8D2700B9DD2F /* LoginViewController.swift */ = {isa = PBXFileReference; lastKnownFileType = sourcecode.swift; path = LoginViewController.swift; sourceTree = "<group>"; };
		39F03CA12A6D8D2700B9DD2F /* LoginViewController.xib */ = {isa = PBXFileReference; lastKnownFileType = file.xib; path = LoginViewController.xib; sourceTree = "<group>"; };
		3A2E7E222BDBB97800FFF546 /* Interface.swift */ = {isa = PBXFileReference; lastKnownFileType = sourcecode.swift; path = Interface.swift; sourceTree = "<group>"; };
		3A2E7E242BDBE29B00FFF546 /* ModelLogic.swift */ = {isa = PBXFileReference; lastKnownFileType = sourcecode.swift; path = ModelLogic.swift; sourceTree = "<group>"; };
		3A2E7E282BDBFFF400FFF546 /* NotificationCenter.swift */ = {isa = PBXFileReference; lastKnownFileType = sourcecode.swift; path = NotificationCenter.swift; sourceTree = "<group>"; };
		3A407E742BDFDEDE00134038 /* Persistence.swift */ = {isa = PBXFileReference; lastKnownFileType = sourcecode.swift; path = Persistence.swift; sourceTree = "<group>"; };
		3A9FE7C02BDADC2700B21092 /* Key.swift */ = {isa = PBXFileReference; lastKnownFileType = sourcecode.swift; path = Key.swift; sourceTree = "<group>"; };
/* End PBXFileReference section */

/* Begin PBXFrameworksBuildPhase section */
		39F03C6A2A6D8C8900B9DD2F /* Frameworks */ = {
			isa = PBXFrameworksBuildPhase;
			buildActionMask = 2147483647;
			files = (
			);
			runOnlyForDeploymentPostprocessing = 0;
		};
		39F03C802A6D8C8B00B9DD2F /* Frameworks */ = {
			isa = PBXFrameworksBuildPhase;
			buildActionMask = 2147483647;
			files = (
			);
			runOnlyForDeploymentPostprocessing = 0;
		};
		39F03C8A2A6D8C8B00B9DD2F /* Frameworks */ = {
			isa = PBXFrameworksBuildPhase;
			buildActionMask = 2147483647;
			files = (
			);
			runOnlyForDeploymentPostprocessing = 0;
		};
/* End PBXFrameworksBuildPhase section */

/* Begin PBXGroup section */
		396EF5902A779D0500128ED5 /* CustomCells */ = {
			isa = PBXGroup;
			children = (
				399662142A70156C00348332 /* CustomCollectionCell.swift */,
				399662152A70156C00348332 /* CustomCollectionCell.xib */,
				39A2B8D02A6EC81200CA446A /* HeroeCell.swift */,
				39A2B8D12A6EC81200CA446A /* HeroeCell.xib */,
				39732AEF2A78FAC900F4E500 /* HeroesCollectionViewCell.swift */,
				39732AF02A78FAC900F4E500 /* HeroesCollectionViewCell.xib */,
				397D917A2A7A56FD00DD0683 /* ComicTableViewCell.swift */,
				397D917B2A7A56FD00DD0683 /* ComicTableViewCell.xib */,
				3979080B2A7D1787006B3E04 /* FavouriteCell.swift */,
				3979080C2A7D1787006B3E04 /* FavouriteCell.xib */,
			);
			path = CustomCells;
			sourceTree = "<group>";
		};
		396EF5912A779D2000128ED5 /* Views */ = {
			isa = PBXGroup;
			children = (
				39F03C762A6D8C8900B9DD2F /* Main.storyboard */,
				39F03C7B2A6D8C8B00B9DD2F /* LaunchScreen.storyboard */,
				39F03CA12A6D8D2700B9DD2F /* LoginViewController.xib */,
				39A2B8C02A6E5F3F00CA446A /* HomeViewController.xib */,
				39A2B8C92A6E904C00CA446A /* DetailViewController.xib */,
			);
			path = Views;
			sourceTree = "<group>";
		};
		396EF5922A779D3400128ED5 /* Controllers */ = {
			isa = PBXGroup;
			children = (
				39F03CA02A6D8D2700B9DD2F /* LoginViewController.swift */,
				39A2B8BF2A6E5F3F00CA446A /* HomeViewController.swift */,
				39A2B8C82A6E904C00CA446A /* DetailViewController.swift */,
				3A2E7E242BDBE29B00FFF546 /* ModelLogic.swift */,
			);
			path = Controllers;
			sourceTree = "<group>";
		};
		396EF5932A779D4900128ED5 /* Networking */ = {
			isa = PBXGroup;
			children = (
				39D05D422A725DA700468A9E /* Networking.swift */,
				396EF5952A77B08800128ED5 /* DataDecoder.swift */,
				3A2E7E222BDBB97800FFF546 /* Interface.swift */,
				3A407E742BDFDEDE00134038 /* Persistence.swift */,
			);
			path = Networking;
			sourceTree = "<group>";
		};
		396EF5942A779D5800128ED5 /* Models */ = {
			isa = PBXGroup;
			children = (
				39982A382A710C4F00B4056F /* HeroesList.swift */,
				39982A362A710AEC00B4056F /* Heroe.swift */,
				39D05D472A726A3700468A9E /* NetHeroe.swift */,
			);
			path = Models;
			sourceTree = "<group>";
		};
		39F03C642A6D8C8900B9DD2F = {
			isa = PBXGroup;
			children = (
				3A9FE7C02BDADC2700B21092 /* Key.swift */,
				39F03C6F2A6D8C8900B9DD2F /* MarvelApp */,
				39F03C862A6D8C8B00B9DD2F /* MarvelAppTests */,
				39F03C902A6D8C8B00B9DD2F /* MarvelAppUITests */,
				39F03C6E2A6D8C8900B9DD2F /* Products */,
			);
			sourceTree = "<group>";
		};
		39F03C6E2A6D8C8900B9DD2F /* Products */ = {
			isa = PBXGroup;
			children = (
				39F03C6D2A6D8C8900B9DD2F /* MarvelApp.app */,
				39F03C832A6D8C8B00B9DD2F /* MarvelAppTests.xctest */,
				39F03C8D2A6D8C8B00B9DD2F /* MarvelAppUITests.xctest */,
			);
			name = Products;
			sourceTree = "<group>";
		};
		39F03C6F2A6D8C8900B9DD2F /* MarvelApp */ = {
			isa = PBXGroup;
			children = (
				3A2E7E262BDBFFDC00FFF546 /* Utils */,
				396EF5902A779D0500128ED5 /* CustomCells */,
				396EF5932A779D4900128ED5 /* Networking */,
				396EF5942A779D5800128ED5 /* Models */,
				396EF5922A779D3400128ED5 /* Controllers */,
				396EF5912A779D2000128ED5 /* Views */,
				39F03C792A6D8C8B00B9DD2F /* Assets.xcassets */,
				39F03C702A6D8C8900B9DD2F /* AppDelegate.swift */,
				39F03C7E2A6D8C8B00B9DD2F /* Info.plist */,
			);
			path = MarvelApp;
			sourceTree = "<group>";
		};
		39F03C862A6D8C8B00B9DD2F /* MarvelAppTests */ = {
			isa = PBXGroup;
			children = (
				39F03C872A6D8C8B00B9DD2F /* MarvelAppTests.swift */,
			);
			path = MarvelAppTests;
			sourceTree = "<group>";
		};
		39F03C902A6D8C8B00B9DD2F /* MarvelAppUITests */ = {
			isa = PBXGroup;
			children = (
				39F03C912A6D8C8B00B9DD2F /* MarvelAppUITests.swift */,
				39F03C932A6D8C8B00B9DD2F /* MarvelAppUITestsLaunchTests.swift */,
			);
			path = MarvelAppUITests;
			sourceTree = "<group>";
		};
		3A2E7E262BDBFFDC00FFF546 /* Utils */ = {
			isa = PBXGroup;
			children = (
				3A2E7E272BDBFFE800FFF546 /* Extensions */,
			);
			path = Utils;
			sourceTree = "<group>";
		};
		3A2E7E272BDBFFE800FFF546 /* Extensions */ = {
			isa = PBXGroup;
			children = (
				3A2E7E282BDBFFF400FFF546 /* NotificationCenter.swift */,
			);
			path = Extensions;
			sourceTree = "<group>";
		};
/* End PBXGroup section */

/* Begin PBXNativeTarget section */
		39F03C6C2A6D8C8900B9DD2F /* MarvelApp */ = {
			isa = PBXNativeTarget;
			buildConfigurationList = 39F03C972A6D8C8B00B9DD2F /* Build configuration list for PBXNativeTarget "MarvelApp" */;
			buildPhases = (
				39F03C692A6D8C8900B9DD2F /* Sources */,
				39F03C6A2A6D8C8900B9DD2F /* Frameworks */,
				39F03C6B2A6D8C8900B9DD2F /* Resources */,
			);
			buildRules = (
			);
			dependencies = (
			);
			name = MarvelApp;
			packageProductDependencies = (
			);
			productName = MarvelApp;
			productReference = 39F03C6D2A6D8C8900B9DD2F /* MarvelApp.app */;
			productType = "com.apple.product-type.application";
		};
		39F03C822A6D8C8B00B9DD2F /* MarvelAppTests */ = {
			isa = PBXNativeTarget;
			buildConfigurationList = 39F03C9A2A6D8C8B00B9DD2F /* Build configuration list for PBXNativeTarget "MarvelAppTests" */;
			buildPhases = (
				39F03C7F2A6D8C8B00B9DD2F /* Sources */,
				39F03C802A6D8C8B00B9DD2F /* Frameworks */,
				39F03C812A6D8C8B00B9DD2F /* Resources */,
			);
			buildRules = (
			);
			dependencies = (
				39F03C852A6D8C8B00B9DD2F /* PBXTargetDependency */,
			);
			name = MarvelAppTests;
			productName = MarvelAppTests;
			productReference = 39F03C832A6D8C8B00B9DD2F /* MarvelAppTests.xctest */;
			productType = "com.apple.product-type.bundle.unit-test";
		};
		39F03C8C2A6D8C8B00B9DD2F /* MarvelAppUITests */ = {
			isa = PBXNativeTarget;
			buildConfigurationList = 39F03C9D2A6D8C8B00B9DD2F /* Build configuration list for PBXNativeTarget "MarvelAppUITests" */;
			buildPhases = (
				39F03C892A6D8C8B00B9DD2F /* Sources */,
				39F03C8A2A6D8C8B00B9DD2F /* Frameworks */,
				39F03C8B2A6D8C8B00B9DD2F /* Resources */,
			);
			buildRules = (
			);
			dependencies = (
				39F03C8F2A6D8C8B00B9DD2F /* PBXTargetDependency */,
			);
			name = MarvelAppUITests;
			productName = MarvelAppUITests;
			productReference = 39F03C8D2A6D8C8B00B9DD2F /* MarvelAppUITests.xctest */;
			productType = "com.apple.product-type.bundle.ui-testing";
		};
/* End PBXNativeTarget section */

/* Begin PBXProject section */
		39F03C652A6D8C8900B9DD2F /* Project object */ = {
			isa = PBXProject;
			attributes = {
				BuildIndependentTargetsInParallel = 1;
				LastSwiftUpdateCheck = 1430;
				LastUpgradeCheck = 1530;
				TargetAttributes = {
					39F03C6C2A6D8C8900B9DD2F = {
						CreatedOnToolsVersion = 14.3.1;
					};
					39F03C822A6D8C8B00B9DD2F = {
						CreatedOnToolsVersion = 14.3.1;
						TestTargetID = 39F03C6C2A6D8C8900B9DD2F;
					};
					39F03C8C2A6D8C8B00B9DD2F = {
						CreatedOnToolsVersion = 14.3.1;
						TestTargetID = 39F03C6C2A6D8C8900B9DD2F;
					};
				};
			};
			buildConfigurationList = 39F03C682A6D8C8900B9DD2F /* Build configuration list for PBXProject "MarvelApp" */;
			compatibilityVersion = "Xcode 14.0";
			developmentRegion = en;
			hasScannedForEncodings = 0;
			knownRegions = (
				en,
				Base,
			);
			mainGroup = 39F03C642A6D8C8900B9DD2F;
			packageReferences = (
			);
			productRefGroup = 39F03C6E2A6D8C8900B9DD2F /* Products */;
			projectDirPath = "";
			projectRoot = "";
			targets = (
				39F03C6C2A6D8C8900B9DD2F /* MarvelApp */,
				39F03C822A6D8C8B00B9DD2F /* MarvelAppTests */,
				39F03C8C2A6D8C8B00B9DD2F /* MarvelAppUITests */,
			);
		};
/* End PBXProject section */

/* Begin PBXResourcesBuildPhase section */
		39F03C6B2A6D8C8900B9DD2F /* Resources */ = {
			isa = PBXResourcesBuildPhase;
			buildActionMask = 2147483647;
			files = (
				399662172A70156C00348332 /* CustomCollectionCell.xib in Resources */,
				3979080E2A7D1787006B3E04 /* FavouriteCell.xib in Resources */,
				39F03CA32A6D8D2700B9DD2F /* LoginViewController.xib in Resources */,
				39732AF22A78FAC900F4E500 /* HeroesCollectionViewCell.xib in Resources */,
				39A2B8D32A6EC81200CA446A /* HeroeCell.xib in Resources */,
				39A2B8CB2A6E904C00CA446A /* DetailViewController.xib in Resources */,
				397D917D2A7A56FD00DD0683 /* ComicTableViewCell.xib in Resources */,
				39F03C7D2A6D8C8B00B9DD2F /* LaunchScreen.storyboard in Resources */,
				39A2B8C22A6E5F3F00CA446A /* HomeViewController.xib in Resources */,
				39F03C7A2A6D8C8B00B9DD2F /* Assets.xcassets in Resources */,
				39F03C782A6D8C8900B9DD2F /* Main.storyboard in Resources */,
			);
			runOnlyForDeploymentPostprocessing = 0;
		};
		39F03C812A6D8C8B00B9DD2F /* Resources */ = {
			isa = PBXResourcesBuildPhase;
			buildActionMask = 2147483647;
			files = (
			);
			runOnlyForDeploymentPostprocessing = 0;
		};
		39F03C8B2A6D8C8B00B9DD2F /* Resources */ = {
			isa = PBXResourcesBuildPhase;
			buildActionMask = 2147483647;
			files = (
			);
			runOnlyForDeploymentPostprocessing = 0;
		};
/* End PBXResourcesBuildPhase section */

/* Begin PBXSourcesBuildPhase section */
		39F03C692A6D8C8900B9DD2F /* Sources */ = {
			isa = PBXSourcesBuildPhase;
			buildActionMask = 2147483647;
			files = (
				39F03CA22A6D8D2700B9DD2F /* LoginViewController.swift in Sources */,
				396EF5962A77B08800128ED5 /* DataDecoder.swift in Sources */,
				39732AF12A78FAC900F4E500 /* HeroesCollectionViewCell.swift in Sources */,
				39D05D482A726A3700468A9E /* NetHeroe.swift in Sources */,
				39F03C712A6D8C8900B9DD2F /* AppDelegate.swift in Sources */,
				397D917C2A7A56FD00DD0683 /* ComicTableViewCell.swift in Sources */,
				39982A372A710AEC00B4056F /* Heroe.swift in Sources */,
				3A2E7E292BDBFFF400FFF546 /* NotificationCenter.swift in Sources */,
				3A407E752BDFDEDE00134038 /* Persistence.swift in Sources */,
				39D05D432A725DA700468A9E /* Networking.swift in Sources */,
				399662162A70156C00348332 /* CustomCollectionCell.swift in Sources */,
				3A2E7E252BDBE29B00FFF546 /* ModelLogic.swift in Sources */,
				3979080D2A7D1787006B3E04 /* FavouriteCell.swift in Sources */,
				39A2B8D22A6EC81200CA446A /* HeroeCell.swift in Sources */,
				3A2E7E232BDBB97800FFF546 /* Interface.swift in Sources */,
				3A9FE7C12BDADC2700B21092 /* Key.swift in Sources */,
				39982A392A710C4F00B4056F /* HeroesList.swift in Sources */,
				39A2B8C12A6E5F3F00CA446A /* HomeViewController.swift in Sources */,
				39A2B8CA2A6E904C00CA446A /* DetailViewController.swift in Sources */,
			);
			runOnlyForDeploymentPostprocessing = 0;
		};
		39F03C7F2A6D8C8B00B9DD2F /* Sources */ = {
			isa = PBXSourcesBuildPhase;
			buildActionMask = 2147483647;
			files = (
				39F03C882A6D8C8B00B9DD2F /* MarvelAppTests.swift in Sources */,
			);
			runOnlyForDeploymentPostprocessing = 0;
		};
		39F03C892A6D8C8B00B9DD2F /* Sources */ = {
			isa = PBXSourcesBuildPhase;
			buildActionMask = 2147483647;
			files = (
				39F03C922A6D8C8B00B9DD2F /* MarvelAppUITests.swift in Sources */,
				39F03C942A6D8C8B00B9DD2F /* MarvelAppUITestsLaunchTests.swift in Sources */,
			);
			runOnlyForDeploymentPostprocessing = 0;
		};
/* End PBXSourcesBuildPhase section */

/* Begin PBXTargetDependency section */
		39F03C852A6D8C8B00B9DD2F /* PBXTargetDependency */ = {
			isa = PBXTargetDependency;
			target = 39F03C6C2A6D8C8900B9DD2F /* MarvelApp */;
			targetProxy = 39F03C842A6D8C8B00B9DD2F /* PBXContainerItemProxy */;
		};
		39F03C8F2A6D8C8B00B9DD2F /* PBXTargetDependency */ = {
			isa = PBXTargetDependency;
			target = 39F03C6C2A6D8C8900B9DD2F /* MarvelApp */;
			targetProxy = 39F03C8E2A6D8C8B00B9DD2F /* PBXContainerItemProxy */;
		};
/* End PBXTargetDependency section */

/* Begin PBXVariantGroup section */
		39F03C762A6D8C8900B9DD2F /* Main.storyboard */ = {
			isa = PBXVariantGroup;
			children = (
				39F03C772A6D8C8900B9DD2F /* Base */,
			);
			name = Main.storyboard;
			sourceTree = "<group>";
		};
		39F03C7B2A6D8C8B00B9DD2F /* LaunchScreen.storyboard */ = {
			isa = PBXVariantGroup;
			children = (
				39F03C7C2A6D8C8B00B9DD2F /* Base */,
			);
			name = LaunchScreen.storyboard;
			sourceTree = "<group>";
		};
/* End PBXVariantGroup section */

/* Begin XCBuildConfiguration section */
		39F03C952A6D8C8B00B9DD2F /* Debug */ = {
			isa = XCBuildConfiguration;
			buildSettings = {
				ALWAYS_SEARCH_USER_PATHS = NO;
				ASSETCATALOG_COMPILER_GENERATE_SWIFT_ASSET_SYMBOL_EXTENSIONS = YES;
				CLANG_ANALYZER_NONNULL = YES;
				CLANG_ANALYZER_NUMBER_OBJECT_CONVERSION = YES_AGGRESSIVE;
				CLANG_CXX_LANGUAGE_STANDARD = "gnu++20";
				CLANG_ENABLE_MODULES = YES;
				CLANG_ENABLE_OBJC_ARC = YES;
				CLANG_ENABLE_OBJC_WEAK = YES;
				CLANG_WARN_BLOCK_CAPTURE_AUTORELEASING = YES;
				CLANG_WARN_BOOL_CONVERSION = YES;
				CLANG_WARN_COMMA = YES;
				CLANG_WARN_CONSTANT_CONVERSION = YES;
				CLANG_WARN_DEPRECATED_OBJC_IMPLEMENTATIONS = YES;
				CLANG_WARN_DIRECT_OBJC_ISA_USAGE = YES_ERROR;
				CLANG_WARN_DOCUMENTATION_COMMENTS = YES;
				CLANG_WARN_EMPTY_BODY = YES;
				CLANG_WARN_ENUM_CONVERSION = YES;
				CLANG_WARN_INFINITE_RECURSION = YES;
				CLANG_WARN_INT_CONVERSION = YES;
				CLANG_WARN_NON_LITERAL_NULL_CONVERSION = YES;
				CLANG_WARN_OBJC_IMPLICIT_RETAIN_SELF = YES;
				CLANG_WARN_OBJC_LITERAL_CONVERSION = YES;
				CLANG_WARN_OBJC_ROOT_CLASS = YES_ERROR;
				CLANG_WARN_QUOTED_INCLUDE_IN_FRAMEWORK_HEADER = YES;
				CLANG_WARN_RANGE_LOOP_ANALYSIS = YES;
				CLANG_WARN_STRICT_PROTOTYPES = YES;
				CLANG_WARN_SUSPICIOUS_MOVE = YES;
				CLANG_WARN_UNGUARDED_AVAILABILITY = YES_AGGRESSIVE;
				CLANG_WARN_UNREACHABLE_CODE = YES;
				CLANG_WARN__DUPLICATE_METHOD_MATCH = YES;
				COPY_PHASE_STRIP = NO;
				DEBUG_INFORMATION_FORMAT = dwarf;
				ENABLE_STRICT_OBJC_MSGSEND = YES;
				ENABLE_TESTABILITY = YES;
				ENABLE_USER_SCRIPT_SANDBOXING = YES;
				GCC_C_LANGUAGE_STANDARD = gnu11;
				GCC_DYNAMIC_NO_PIC = NO;
				GCC_NO_COMMON_BLOCKS = YES;
				GCC_OPTIMIZATION_LEVEL = 0;
				GCC_PREPROCESSOR_DEFINITIONS = (
					"DEBUG=1",
					"$(inherited)",
				);
				GCC_WARN_64_TO_32_BIT_CONVERSION = YES;
				GCC_WARN_ABOUT_RETURN_TYPE = YES_ERROR;
				GCC_WARN_UNDECLARED_SELECTOR = YES;
				GCC_WARN_UNINITIALIZED_AUTOS = YES_AGGRESSIVE;
				GCC_WARN_UNUSED_FUNCTION = YES;
				GCC_WARN_UNUSED_VARIABLE = YES;
				IPHONEOS_DEPLOYMENT_TARGET = 16.4;
				MTL_ENABLE_DEBUG_INFO = INCLUDE_SOURCE;
				MTL_FAST_MATH = YES;
				ONLY_ACTIVE_ARCH = YES;
				SDKROOT = iphoneos;
				SWIFT_ACTIVE_COMPILATION_CONDITIONS = DEBUG;
				SWIFT_OPTIMIZATION_LEVEL = "-Onone";
			};
			name = Debug;
		};
		39F03C962A6D8C8B00B9DD2F /* Release */ = {
			isa = XCBuildConfiguration;
			buildSettings = {
				ALWAYS_SEARCH_USER_PATHS = NO;
				ASSETCATALOG_COMPILER_GENERATE_SWIFT_ASSET_SYMBOL_EXTENSIONS = YES;
				CLANG_ANALYZER_NONNULL = YES;
				CLANG_ANALYZER_NUMBER_OBJECT_CONVERSION = YES_AGGRESSIVE;
				CLANG_CXX_LANGUAGE_STANDARD = "gnu++20";
				CLANG_ENABLE_MODULES = YES;
				CLANG_ENABLE_OBJC_ARC = YES;
				CLANG_ENABLE_OBJC_WEAK = YES;
				CLANG_WARN_BLOCK_CAPTURE_AUTORELEASING = YES;
				CLANG_WARN_BOOL_CONVERSION = YES;
				CLANG_WARN_COMMA = YES;
				CLANG_WARN_CONSTANT_CONVERSION = YES;
				CLANG_WARN_DEPRECATED_OBJC_IMPLEMENTATIONS = YES;
				CLANG_WARN_DIRECT_OBJC_ISA_USAGE = YES_ERROR;
				CLANG_WARN_DOCUMENTATION_COMMENTS = YES;
				CLANG_WARN_EMPTY_BODY = YES;
				CLANG_WARN_ENUM_CONVERSION = YES;
				CLANG_WARN_INFINITE_RECURSION = YES;
				CLANG_WARN_INT_CONVERSION = YES;
				CLANG_WARN_NON_LITERAL_NULL_CONVERSION = YES;
				CLANG_WARN_OBJC_IMPLICIT_RETAIN_SELF = YES;
				CLANG_WARN_OBJC_LITERAL_CONVERSION = YES;
				CLANG_WARN_OBJC_ROOT_CLASS = YES_ERROR;
				CLANG_WARN_QUOTED_INCLUDE_IN_FRAMEWORK_HEADER = YES;
				CLANG_WARN_RANGE_LOOP_ANALYSIS = YES;
				CLANG_WARN_STRICT_PROTOTYPES = YES;
				CLANG_WARN_SUSPICIOUS_MOVE = YES;
				CLANG_WARN_UNGUARDED_AVAILABILITY = YES_AGGRESSIVE;
				CLANG_WARN_UNREACHABLE_CODE = YES;
				CLANG_WARN__DUPLICATE_METHOD_MATCH = YES;
				COPY_PHASE_STRIP = NO;
				DEBUG_INFORMATION_FORMAT = "dwarf-with-dsym";
				ENABLE_NS_ASSERTIONS = NO;
				ENABLE_STRICT_OBJC_MSGSEND = YES;
				ENABLE_USER_SCRIPT_SANDBOXING = YES;
				GCC_C_LANGUAGE_STANDARD = gnu11;
				GCC_NO_COMMON_BLOCKS = YES;
				GCC_WARN_64_TO_32_BIT_CONVERSION = YES;
				GCC_WARN_ABOUT_RETURN_TYPE = YES_ERROR;
				GCC_WARN_UNDECLARED_SELECTOR = YES;
				GCC_WARN_UNINITIALIZED_AUTOS = YES_AGGRESSIVE;
				GCC_WARN_UNUSED_FUNCTION = YES;
				GCC_WARN_UNUSED_VARIABLE = YES;
				IPHONEOS_DEPLOYMENT_TARGET = 16.4;
				MTL_ENABLE_DEBUG_INFO = NO;
				MTL_FAST_MATH = YES;
				SDKROOT = iphoneos;
				SWIFT_COMPILATION_MODE = wholemodule;
				SWIFT_OPTIMIZATION_LEVEL = "-O";
				VALIDATE_PRODUCT = YES;
			};
			name = Release;
		};
		39F03C982A6D8C8B00B9DD2F /* Debug */ = {
			isa = XCBuildConfiguration;
			buildSettings = {
				ASSETCATALOG_COMPILER_APPICON_NAME = AppIcon;
				ASSETCATALOG_COMPILER_GLOBAL_ACCENT_COLOR_NAME = AccentColor;
				CODE_SIGN_STYLE = Automatic;
				CURRENT_PROJECT_VERSION = 1;
				DEVELOPMENT_TEAM = 6SPUJN2479;
				GENERATE_INFOPLIST_FILE = YES;
				INFOPLIST_FILE = MarvelApp/Info.plist;
				INFOPLIST_KEY_UIApplicationSupportsIndirectInputEvents = YES;
				INFOPLIST_KEY_UILaunchStoryboardName = LaunchScreen;
				INFOPLIST_KEY_UIMainStoryboardFile = Main;
				INFOPLIST_KEY_UISupportedInterfaceOrientations_iPad = "UIInterfaceOrientationPortrait UIInterfaceOrientationPortraitUpsideDown UIInterfaceOrientationLandscapeLeft UIInterfaceOrientationLandscapeRight";
				INFOPLIST_KEY_UISupportedInterfaceOrientations_iPhone = "UIInterfaceOrientationPortrait UIInterfaceOrientationLandscapeLeft UIInterfaceOrientationLandscapeRight";
				LD_RUNPATH_SEARCH_PATHS = (
					"$(inherited)",
					"@executable_path/Frameworks",
				);
				MARKETING_VERSION = 1.0;
				PRODUCT_BUNDLE_IDENTIFIER = pabloMarke.MarvelApp;
				PRODUCT_NAME = "$(TARGET_NAME)";
				SWIFT_EMIT_LOC_STRINGS = YES;
				SWIFT_VERSION = 5.0;
				TARGETED_DEVICE_FAMILY = "1,2";
			};
			name = Debug;
		};
		39F03C992A6D8C8B00B9DD2F /* Release */ = {
			isa = XCBuildConfiguration;
			buildSettings = {
				ASSETCATALOG_COMPILER_APPICON_NAME = AppIcon;
				ASSETCATALOG_COMPILER_GLOBAL_ACCENT_COLOR_NAME = AccentColor;
				CODE_SIGN_STYLE = Automatic;
				CURRENT_PROJECT_VERSION = 1;
				DEVELOPMENT_TEAM = 6SPUJN2479;
				GENERATE_INFOPLIST_FILE = YES;
				INFOPLIST_FILE = MarvelApp/Info.plist;
				INFOPLIST_KEY_UIApplicationSupportsIndirectInputEvents = YES;
				INFOPLIST_KEY_UILaunchStoryboardName = LaunchScreen;
				INFOPLIST_KEY_UIMainStoryboardFile = Main;
				INFOPLIST_KEY_UISupportedInterfaceOrientations_iPad = "UIInterfaceOrientationPortrait UIInterfaceOrientationPortraitUpsideDown UIInterfaceOrientationLandscapeLeft UIInterfaceOrientationLandscapeRight";
				INFOPLIST_KEY_UISupportedInterfaceOrientations_iPhone = "UIInterfaceOrientationPortrait UIInterfaceOrientationLandscapeLeft UIInterfaceOrientationLandscapeRight";
				LD_RUNPATH_SEARCH_PATHS = (
					"$(inherited)",
					"@executable_path/Frameworks",
				);
				MARKETING_VERSION = 1.0;
				PRODUCT_BUNDLE_IDENTIFIER = pabloMarke.MarvelApp;
				PRODUCT_NAME = "$(TARGET_NAME)";
				SWIFT_EMIT_LOC_STRINGS = YES;
				SWIFT_VERSION = 5.0;
				TARGETED_DEVICE_FAMILY = "1,2";
			};
			name = Release;
		};
		39F03C9B2A6D8C8B00B9DD2F /* Debug */ = {
			isa = XCBuildConfiguration;
			buildSettings = {
				ALWAYS_EMBED_SWIFT_STANDARD_LIBRARIES = YES;
				BUNDLE_LOADER = "$(TEST_HOST)";
				CODE_SIGN_STYLE = Automatic;
				CURRENT_PROJECT_VERSION = 1;
				GENERATE_INFOPLIST_FILE = YES;
				IPHONEOS_DEPLOYMENT_TARGET = 16.4;
				MARKETING_VERSION = 1.0;
				PRODUCT_BUNDLE_IDENTIFIER = pabloMarke.MarvelAppTests;
				PRODUCT_NAME = "$(TARGET_NAME)";
				SWIFT_EMIT_LOC_STRINGS = NO;
				SWIFT_VERSION = 5.0;
				TARGETED_DEVICE_FAMILY = "1,2";
				TEST_HOST = "$(BUILT_PRODUCTS_DIR)/MarvelApp.app/$(BUNDLE_EXECUTABLE_FOLDER_PATH)/MarvelApp";
			};
			name = Debug;
		};
		39F03C9C2A6D8C8B00B9DD2F /* Release */ = {
			isa = XCBuildConfiguration;
			buildSettings = {
				ALWAYS_EMBED_SWIFT_STANDARD_LIBRARIES = YES;
				BUNDLE_LOADER = "$(TEST_HOST)";
				CODE_SIGN_STYLE = Automatic;
				CURRENT_PROJECT_VERSION = 1;
				GENERATE_INFOPLIST_FILE = YES;
				IPHONEOS_DEPLOYMENT_TARGET = 16.4;
				MARKETING_VERSION = 1.0;
				PRODUCT_BUNDLE_IDENTIFIER = pabloMarke.MarvelAppTests;
				PRODUCT_NAME = "$(TARGET_NAME)";
				SWIFT_EMIT_LOC_STRINGS = NO;
				SWIFT_VERSION = 5.0;
				TARGETED_DEVICE_FAMILY = "1,2";
				TEST_HOST = "$(BUILT_PRODUCTS_DIR)/MarvelApp.app/$(BUNDLE_EXECUTABLE_FOLDER_PATH)/MarvelApp";
			};
			name = Release;
		};
		39F03C9E2A6D8C8B00B9DD2F /* Debug */ = {
			isa = XCBuildConfiguration;
			buildSettings = {
				ALWAYS_EMBED_SWIFT_STANDARD_LIBRARIES = YES;
				CODE_SIGN_STYLE = Automatic;
				CURRENT_PROJECT_VERSION = 1;
				GENERATE_INFOPLIST_FILE = YES;
				MARKETING_VERSION = 1.0;
				PRODUCT_BUNDLE_IDENTIFIER = pabloMarke.MarvelAppUITests;
				PRODUCT_NAME = "$(TARGET_NAME)";
				SWIFT_EMIT_LOC_STRINGS = NO;
				SWIFT_VERSION = 5.0;
				TARGETED_DEVICE_FAMILY = "1,2";
				TEST_TARGET_NAME = MarvelApp;
			};
			name = Debug;
		};
		39F03C9F2A6D8C8B00B9DD2F /* Release */ = {
			isa = XCBuildConfiguration;
			buildSettings = {
				ALWAYS_EMBED_SWIFT_STANDARD_LIBRARIES = YES;
				CODE_SIGN_STYLE = Automatic;
				CURRENT_PROJECT_VERSION = 1;
				GENERATE_INFOPLIST_FILE = YES;
				MARKETING_VERSION = 1.0;
				PRODUCT_BUNDLE_IDENTIFIER = pabloMarke.MarvelAppUITests;
				PRODUCT_NAME = "$(TARGET_NAME)";
				SWIFT_EMIT_LOC_STRINGS = NO;
				SWIFT_VERSION = 5.0;
				TARGETED_DEVICE_FAMILY = "1,2";
				TEST_TARGET_NAME = MarvelApp;
			};
			name = Release;
		};
/* End XCBuildConfiguration section */

/* Begin XCConfigurationList section */
		39F03C682A6D8C8900B9DD2F /* Build configuration list for PBXProject "MarvelApp" */ = {
			isa = XCConfigurationList;
			buildConfigurations = (
				39F03C952A6D8C8B00B9DD2F /* Debug */,
				39F03C962A6D8C8B00B9DD2F /* Release */,
			);
			defaultConfigurationIsVisible = 0;
			defaultConfigurationName = Release;
		};
		39F03C972A6D8C8B00B9DD2F /* Build configuration list for PBXNativeTarget "MarvelApp" */ = {
			isa = XCConfigurationList;
			buildConfigurations = (
				39F03C982A6D8C8B00B9DD2F /* Debug */,
				39F03C992A6D8C8B00B9DD2F /* Release */,
			);
			defaultConfigurationIsVisible = 0;
			defaultConfigurationName = Release;
		};
		39F03C9A2A6D8C8B00B9DD2F /* Build configuration list for PBXNativeTarget "MarvelAppTests" */ = {
			isa = XCConfigurationList;
			buildConfigurations = (
				39F03C9B2A6D8C8B00B9DD2F /* Debug */,
				39F03C9C2A6D8C8B00B9DD2F /* Release */,
			);
			defaultConfigurationIsVisible = 0;
			defaultConfigurationName = Release;
		};
		39F03C9D2A6D8C8B00B9DD2F /* Build configuration list for PBXNativeTarget "MarvelAppUITests" */ = {
			isa = XCConfigurationList;
			buildConfigurations = (
				39F03C9E2A6D8C8B00B9DD2F /* Debug */,
				39F03C9F2A6D8C8B00B9DD2F /* Release */,
			);
			defaultConfigurationIsVisible = 0;
			defaultConfigurationName = Release;
		};
/* End XCConfigurationList section */
	};
	rootObject = 39F03C652A6D8C8900B9DD2F /* Project object */;
}
